
Microsoft Visual Studio Solution File, Format Version 12.00
# Visual Studio Version 16
VisualStudioVersion = 16.0.29609.76
MinimumVisualStudioVersion = 10.0.40219.1
Project("{FAE04EC0-301F-11D3-BF4B-00C04F79EFBC}") = "GenericCalculator", "GenericCalculator.csproj", "{3193C284-F7D6-47EF-9B2D-ABAAE77CB4F3}"
EndProject
Project("{FAE04EC0-301F-11D3-BF4B-00C04F79EFBC}") = "GenericCalculatorTest", "..\ClassLibrary1\GenericCalculatorTest.csproj", "{F6DF5285-0B3D-4C64-979E-677C42B01ECD}"
EndProject
Global
	GlobalSection(SolutionConfigurationPlatforms) = preSolution
		Debug|Any CPU = Debug|Any CPU
		Release|Any CPU = Release|Any CPU
	EndGlobalSection
	GlobalSection(ProjectConfigurationPlatforms) = postSolution
		{3193C284-F7D6-47EF-9B2D-ABAAE77CB4F3}.Debug|Any CPU.ActiveCfg = Debug|Any CPU
		{3193C284-F7D6-47EF-9B2D-ABAAE77CB4F3}.Debug|Any CPU.Build.0 = Debug|Any CPU
		{3193C284-F7D6-47EF-9B2D-ABAAE77CB4F3}.Release|Any CPU.ActiveCfg = Release|Any CPU
		{3193C284-F7D6-47EF-9B2D-ABAAE77CB4F3}.Release|Any CPU.Build.0 = Release|Any CPU
		{F6DF5285-0B3D-4C64-979E-677C42B01ECD}.Debug|Any CPU.ActiveCfg = Debug|Any CPU
		{F6DF5285-0B3D-4C64-979E-677C42B01ECD}.Debug|Any CPU.Build.0 = Debug|Any CPU
		{F6DF5285-0B3D-4C64-979E-677C42B01ECD}.Release|Any CPU.ActiveCfg = Release|Any CPU
		{F6DF5285-0B3D-4C64-979E-677C42B01ECD}.Release|Any CPU.Build.0 = Release|Any CPU
	EndGlobalSection
	GlobalSection(SolutionProperties) = preSolution
		HideSolutionNode = FALSE
	EndGlobalSection
	GlobalSection(ExtensibilityGlobals) = postSolution
		SolutionGuid = {848E02C1-4860-4DDF-AE9B-723CE3D8FC19}
	EndGlobalSection
EndGlobal
